
Microsoft Visual Studio Solution File, Format Version 12.00
# Visual Studio Version 17
VisualStudioVersion = 17.0.31903.59
MinimumVisualStudioVersion = 10.0.40219.1
Project("{2150E333-8FDC-42A3-9474-1A3956D46DE8}") = "src", "src", "{827E0CD3-B72D-47B6-A68D-7590B98EB39B}"
EndProject
Project("{FAE04EC0-301F-11D3-BF4B-00C04F79EFBC}") = "DemoTradeLab.Api", "src\DemoTradeLab.Api\DemoTradeLab.Api.csproj", "{A8266E83-7572-4094-8F8B-891DE90AE042}"
EndProject
Project("{FAE04EC0-301F-11D3-BF4B-00C04F79EFBC}") = "DemoTradeLab.Core", "src\DemoTradeLab.Core\DemoTradeLab.Core.csproj", "{FAE4E27F-15C4-4809-8AFC-8A3689C23360}"
EndProject
Project("{FAE04EC0-301F-11D3-BF4B-00C04F79EFBC}") = "DemoTradeLab.Infrastructure", "src\DemoTradeLab.Infrastructure\DemoTradeLab.Infrastructure.csproj", "{B367768B-F317-4F73-B7F4-3F3D01D45B95}"
EndProject
Project("{2150E333-8FDC-42A3-9474-1A3956D46DE8}") = "tests", "tests", "{0AB3BF05-4346-4AA6-1389-037BE0695223}"
EndProject
Project("{FAE04EC0-301F-11D3-BF4B-00C04F79EFBC}") = "DemoTradeLab.UnitTests", "tests\DemoTradeLab.UnitTests\DemoTradeLab.UnitTests.csproj", "{22BBDBDA-674D-4A2B-97CD-8F5F4E56D091}"
EndProject
Project("{FAE04EC0-301F-11D3-BF4B-00C04F79EFBC}") = "DemoTradeLab.IntegrationTests", "tests\DemoTradeLab.IntegrationTests\DemoTradeLab.IntegrationTests.csproj", "{9B138297-6DC2-4447-8DAC-637C7DA8841E}"
EndProject
Global
	GlobalSection(SolutionConfigurationPlatforms) = preSolution
		Debug|Any CPU = Debug|Any CPU
		Debug|x64 = Debug|x64
		Debug|x86 = Debug|x86
		Release|Any CPU = Release|Any CPU
		Release|x64 = Release|x64
		Release|x86 = Release|x86
	EndGlobalSection
	GlobalSection(ProjectConfigurationPlatforms) = postSolution
		{A8266E83-7572-4094-8F8B-891DE90AE042}.Debug|Any CPU.ActiveCfg = Debug|Any CPU
		{A8266E83-7572-4094-8F8B-891DE90AE042}.Debug|Any CPU.Build.0 = Debug|Any CPU
		{A8266E83-7572-4094-8F8B-891DE90AE042}.Debug|x64.ActiveCfg = Debug|Any CPU
		{A8266E83-7572-4094-8F8B-891DE90AE042}.Debug|x64.Build.0 = Debug|Any CPU
		{A8266E83-7572-4094-8F8B-891DE90AE042}.Debug|x86.ActiveCfg = Debug|Any CPU
		{A8266E83-7572-4094-8F8B-891DE90AE042}.Debug|x86.Build.0 = Debug|Any CPU
		{A8266E83-7572-4094-8F8B-891DE90AE042}.Release|Any CPU.ActiveCfg = Release|Any CPU
		{A8266E83-7572-4094-8F8B-891DE90AE042}.Release|Any CPU.Build.0 = Release|Any CPU
		{A8266E83-7572-4094-8F8B-891DE90AE042}.Release|x64.ActiveCfg = Release|Any CPU
		{A8266E83-7572-4094-8F8B-891DE90AE042}.Release|x64.Build.0 = Release|Any CPU
		{A8266E83-7572-4094-8F8B-891DE90AE042}.Release|x86.ActiveCfg = Release|Any CPU
		{A8266E83-7572-4094-8F8B-891DE90AE042}.Release|x86.Build.0 = Release|Any CPU
		{FAE4E27F-15C4-4809-8AFC-8A3689C23360}.Debug|Any CPU.ActiveCfg = Debug|Any CPU
		{FAE4E27F-15C4-4809-8AFC-8A3689C23360}.Debug|Any CPU.Build.0 = Debug|Any CPU
		{FAE4E27F-15C4-4809-8AFC-8A3689C23360}.Debug|x64.ActiveCfg = Debug|Any CPU
		{FAE4E27F-15C4-4809-8AFC-8A3689C23360}.Debug|x64.Build.0 = Debug|Any CPU
		{FAE4E27F-15C4-4809-8AFC-8A3689C23360}.Debug|x86.ActiveCfg = Debug|Any CPU
		{FAE4E27F-15C4-4809-8AFC-8A3689C23360}.Debug|x86.Build.0 = Debug|Any CPU
		{FAE4E27F-15C4-4809-8AFC-8A3689C23360}.Release|Any CPU.ActiveCfg = Release|Any CPU
		{FAE4E27F-15C4-4809-8AFC-8A3689C23360}.Release|Any CPU.Build.0 = Release|Any CPU
		{FAE4E27F-15C4-4809-8AFC-8A3689C23360}.Release|x64.ActiveCfg = Release|Any CPU
		{FAE4E27F-15C4-4809-8AFC-8A3689C23360}.Release|x64.Build.0 = Release|Any CPU
		{FAE4E27F-15C4-4809-8AFC-8A3689C23360}.Release|x86.ActiveCfg = Release|Any CPU
		{FAE4E27F-15C4-4809-8AFC-8A3689C23360}.Release|x86.Build.0 = Release|Any CPU
		{B367768B-F317-4F73-B7F4-3F3D01D45B95}.Debug|Any CPU.ActiveCfg = Debug|Any CPU
		{B367768B-F317-4F73-B7F4-3F3D01D45B95}.Debug|Any CPU.Build.0 = Debug|Any CPU
		{B367768B-F317-4F73-B7F4-3F3D01D45B95}.Debug|x64.ActiveCfg = Debug|Any CPU
		{B367768B-F317-4F73-B7F4-3F3D01D45B95}.Debug|x64.Build.0 = Debug|Any CPU
		{B367768B-F317-4F73-B7F4-3F3D01D45B95}.Debug|x86.ActiveCfg = Debug|Any CPU
		{B367768B-F317-4F73-B7F4-3F3D01D45B95}.Debug|x86.Build.0 = Debug|Any CPU
		{B367768B-F317-4F73-B7F4-3F3D01D45B95}.Release|Any CPU.ActiveCfg = Release|Any CPU
		{B367768B-F317-4F73-B7F4-3F3D01D45B95}.Release|Any CPU.Build.0 = Release|Any CPU
		{B367768B-F317-4F73-B7F4-3F3D01D45B95}.Release|x64.ActiveCfg = Release|Any CPU
		{B367768B-F317-4F73-B7F4-3F3D01D45B95}.Release|x64.Build.0 = Release|Any CPU
		{B367768B-F317-4F73-B7F4-3F3D01D45B95}.Release|x86.ActiveCfg = Release|Any CPU
		{B367768B-F317-4F73-B7F4-3F3D01D45B95}.Release|x86.Build.0 = Release|Any CPU
		{22BBDBDA-674D-4A2B-97CD-8F5F4E56D091}.Debug|Any CPU.ActiveCfg = Debug|Any CPU
		{22BBDBDA-674D-4A2B-97CD-8F5F4E56D091}.Debug|Any CPU.Build.0 = Debug|Any CPU
		{22BBDBDA-674D-4A2B-97CD-8F5F4E56D091}.Debug|x64.ActiveCfg = Debug|Any CPU
		{22BBDBDA-674D-4A2B-97CD-8F5F4E56D091}.Debug|x64.Build.0 = Debug|Any CPU
		{22BBDBDA-674D-4A2B-97CD-8F5F4E56D091}.Debug|x86.ActiveCfg = Debug|Any CPU
		{22BBDBDA-674D-4A2B-97CD-8F5F4E56D091}.Debug|x86.Build.0 = Debug|Any CPU
		{22BBDBDA-674D-4A2B-97CD-8F5F4E56D091}.Release|Any CPU.ActiveCfg = Release|Any CPU
		{22BBDBDA-674D-4A2B-97CD-8F5F4E56D091}.Release|Any CPU.Build.0 = Release|Any CPU
		{22BBDBDA-674D-4A2B-97CD-8F5F4E56D091}.Release|x64.ActiveCfg = Release|Any CPU
		{22BBDBDA-674D-4A2B-97CD-8F5F4E56D091}.Release|x64.Build.0 = Release|Any CPU
		{22BBDBDA-674D-4A2B-97CD-8F5F4E56D091}.Release|x86.ActiveCfg = Release|Any CPU
		{22BBDBDA-674D-4A2B-97CD-8F5F4E56D091}.Release|x86.Build.0 = Release|Any CPU
		{9B138297-6DC2-4447-8DAC-637C7DA8841E}.Debug|Any CPU.ActiveCfg = Debug|Any CPU
		{9B138297-6DC2-4447-8DAC-637C7DA8841E}.Debug|Any CPU.Build.0 = Debug|Any CPU
		{9B138297-6DC2-4447-8DAC-637C7DA8841E}.Debug|x64.ActiveCfg = Debug|Any CPU
		{9B138297-6DC2-4447-8DAC-637C7DA8841E}.Debug|x64.Build.0 = Debug|Any CPU
		{9B138297-6DC2-4447-8DAC-637C7DA8841E}.Debug|x86.ActiveCfg = Debug|Any CPU
		{9B138297-6DC2-4447-8DAC-637C7DA8841E}.Debug|x86.Build.0 = Debug|Any CPU
		{9B138297-6DC2-4447-8DAC-637C7DA8841E}.Release|Any CPU.ActiveCfg = Release|Any CPU
		{9B138297-6DC2-4447-8DAC-637C7DA8841E}.Release|Any CPU.Build.0 = Release|Any CPU
		{9B138297-6DC2-4447-8DAC-637C7DA8841E}.Release|x64.ActiveCfg = Release|Any CPU
		{9B138297-6DC2-4447-8DAC-637C7DA8841E}.Release|x64.Build.0 = Release|Any CPU
		{9B138297-6DC2-4447-8DAC-637C7DA8841E}.Release|x86.ActiveCfg = Release|Any CPU
		{9B138297-6DC2-4447-8DAC-637C7DA8841E}.Release|x86.Build.0 = Release|Any CPU
	EndGlobalSection
	GlobalSection(SolutionProperties) = preSolution
		HideSolutionNode = FALSE
	EndGlobalSection
	GlobalSection(NestedProjects) = preSolution
		{A8266E83-7572-4094-8F8B-891DE90AE042} = {827E0CD3-B72D-47B6-A68D-7590B98EB39B}
		{FAE4E27F-15C4-4809-8AFC-8A3689C23360} = {827E0CD3-B72D-47B6-A68D-7590B98EB39B}
		{B367768B-F317-4F73-B7F4-3F3D01D45B95} = {827E0CD3-B72D-47B6-A68D-7590B98EB39B}
		{22BBDBDA-674D-4A2B-97CD-8F5F4E56D091} = {0AB3BF05-4346-4AA6-1389-037BE0695223}
		{9B138297-6DC2-4447-8DAC-637C7DA8841E} = {0AB3BF05-4346-4AA6-1389-037BE0695223}
	EndGlobalSection
EndGlobal
